
Microsoft Visual Studio Solution File, Format Version 12.00
# Visual Studio Version 17
VisualStudioVersion = 17.11.35327.3
MinimumVisualStudioVersion = 10.0.40219.1
Project("{2150E333-8FDC-42A3-9474-1A3956D46DE8}") = "1-Layers", "1-Layers", "{A3144891-DD84-44CD-B7A8-18DB117788F4}"
EndProject
Project("{2150E333-8FDC-42A3-9474-1A3956D46DE8}") = "1.1-Presentacion", "1.1-Presentacion", "{055DE070-D2E9-4F5E-A0A3-F091BAA15E20}"
EndProject
Project("{2150E333-8FDC-42A3-9474-1A3956D46DE8}") = "1.1.1-Servicio", "1.1.1-Servicio", "{4CD33ACC-C5BC-4C80-96A1-DCDDADF7F45E}"
EndProject
Project("{2150E333-8FDC-42A3-9474-1A3956D46DE8}") = "1,1,2-Web", "1,1,2-Web", "{1D303834-F22B-4E99-9D10-DAA987FDAD83}"
EndProject
Project("{2150E333-8FDC-42A3-9474-1A3956D46DE8}") = "1.2-Aplicacion", "1.2-Aplicacion", "{909DCF98-6F79-4232-B038-1197FD3E5294}"
EndProject
Project("{2150E333-8FDC-42A3-9474-1A3956D46DE8}") = "1.3-Infraestructura", "1.3-Infraestructura", "{56D8E851-C283-41D8-8842-B06CA889CB0E}"
EndProject
Project("{2150E333-8FDC-42A3-9474-1A3956D46DE8}") = "1.4-Utilidades", "1.4-Utilidades", "{8639A1C8-7438-42FE-A41D-1F34E99EF7A0}"
EndProject
Project("{FAE04EC0-301F-11D3-BF4B-00C04F79EFBC}") = "CalculadoraGenerica", "CalculadoraGenerica\CalculadoraGenerica.csproj", "{A6F235D6-1716-41E0-A905-C6B3353E01C1}"
EndProject
Project("{FAE04EC0-301F-11D3-BF4B-00C04F79EFBC}") = "Servicios", "Servicios\Servicios.csproj", "{AB51E05F-44B0-46C3-842F-44DC1EAC33E4}"
EndProject
Project("{FAE04EC0-301F-11D3-BF4B-00C04F79EFBC}") = "Aplicaciones", "Aplicaciones\Aplicaciones.csproj", "{1418859C-838B-4716-988B-908C5003371E}"
EndProject
Project("{FAE04EC0-301F-11D3-BF4B-00C04F79EFBC}") = "InfraestusturaApp", "InfraestusturaApp\InfraestusturaApp.csproj", "{8D2F7324-F339-4EAA-B03F-07CB3D659132}"
EndProject
Project("{FAE04EC0-301F-11D3-BF4B-00C04F79EFBC}") = "UtilidadesApp", "UtilidadesApp\UtilidadesApp.csproj", "{9ED9AA7D-E068-4EEE-B8A4-951D2850F312}"
EndProject
Global
	GlobalSection(SolutionConfigurationPlatforms) = preSolution
		Debug|Any CPU = Debug|Any CPU
		Release|Any CPU = Release|Any CPU
	EndGlobalSection
	GlobalSection(ProjectConfigurationPlatforms) = postSolution
		{A6F235D6-1716-41E0-A905-C6B3353E01C1}.Debug|Any CPU.ActiveCfg = Debug|Any CPU
		{A6F235D6-1716-41E0-A905-C6B3353E01C1}.Debug|Any CPU.Build.0 = Debug|Any CPU
		{A6F235D6-1716-41E0-A905-C6B3353E01C1}.Release|Any CPU.ActiveCfg = Release|Any CPU
		{A6F235D6-1716-41E0-A905-C6B3353E01C1}.Release|Any CPU.Build.0 = Release|Any CPU
		{AB51E05F-44B0-46C3-842F-44DC1EAC33E4}.Debug|Any CPU.ActiveCfg = Debug|Any CPU
		{AB51E05F-44B0-46C3-842F-44DC1EAC33E4}.Debug|Any CPU.Build.0 = Debug|Any CPU
		{AB51E05F-44B0-46C3-842F-44DC1EAC33E4}.Release|Any CPU.ActiveCfg = Release|Any CPU
		{AB51E05F-44B0-46C3-842F-44DC1EAC33E4}.Release|Any CPU.Build.0 = Release|Any CPU
		{1418859C-838B-4716-988B-908C5003371E}.Debug|Any CPU.ActiveCfg = Debug|Any CPU
		{1418859C-838B-4716-988B-908C5003371E}.Debug|Any CPU.Build.0 = Debug|Any CPU
		{1418859C-838B-4716-988B-908C5003371E}.Release|Any CPU.ActiveCfg = Release|Any CPU
		{1418859C-838B-4716-988B-908C5003371E}.Release|Any CPU.Build.0 = Release|Any CPU
		{8D2F7324-F339-4EAA-B03F-07CB3D659132}.Debug|Any CPU.ActiveCfg = Debug|Any CPU
		{8D2F7324-F339-4EAA-B03F-07CB3D659132}.Debug|Any CPU.Build.0 = Debug|Any CPU
		{8D2F7324-F339-4EAA-B03F-07CB3D659132}.Release|Any CPU.ActiveCfg = Release|Any CPU
		{8D2F7324-F339-4EAA-B03F-07CB3D659132}.Release|Any CPU.Build.0 = Release|Any CPU
		{9ED9AA7D-E068-4EEE-B8A4-951D2850F312}.Debug|Any CPU.ActiveCfg = Debug|Any CPU
		{9ED9AA7D-E068-4EEE-B8A4-951D2850F312}.Debug|Any CPU.Build.0 = Debug|Any CPU
		{9ED9AA7D-E068-4EEE-B8A4-951D2850F312}.Release|Any CPU.ActiveCfg = Release|Any CPU
		{9ED9AA7D-E068-4EEE-B8A4-951D2850F312}.Release|Any CPU.Build.0 = Release|Any CPU
	EndGlobalSection
	GlobalSection(SolutionProperties) = preSolution
		HideSolutionNode = FALSE
	EndGlobalSection
	GlobalSection(NestedProjects) = preSolution
		{055DE070-D2E9-4F5E-A0A3-F091BAA15E20} = {A3144891-DD84-44CD-B7A8-18DB117788F4}
		{4CD33ACC-C5BC-4C80-96A1-DCDDADF7F45E} = {055DE070-D2E9-4F5E-A0A3-F091BAA15E20}
		{1D303834-F22B-4E99-9D10-DAA987FDAD83} = {055DE070-D2E9-4F5E-A0A3-F091BAA15E20}
		{909DCF98-6F79-4232-B038-1197FD3E5294} = {A3144891-DD84-44CD-B7A8-18DB117788F4}
		{56D8E851-C283-41D8-8842-B06CA889CB0E} = {A3144891-DD84-44CD-B7A8-18DB117788F4}
		{8639A1C8-7438-42FE-A41D-1F34E99EF7A0} = {A3144891-DD84-44CD-B7A8-18DB117788F4}
		{A6F235D6-1716-41E0-A905-C6B3353E01C1} = {1D303834-F22B-4E99-9D10-DAA987FDAD83}
		{AB51E05F-44B0-46C3-842F-44DC1EAC33E4} = {4CD33ACC-C5BC-4C80-96A1-DCDDADF7F45E}
		{1418859C-838B-4716-988B-908C5003371E} = {909DCF98-6F79-4232-B038-1197FD3E5294}
		{8D2F7324-F339-4EAA-B03F-07CB3D659132} = {56D8E851-C283-41D8-8842-B06CA889CB0E}
		{9ED9AA7D-E068-4EEE-B8A4-951D2850F312} = {8639A1C8-7438-42FE-A41D-1F34E99EF7A0}
	EndGlobalSection
	GlobalSection(ExtensibilityGlobals) = postSolution
		SolutionGuid = {2882E209-1DFF-47DC-A39B-1F92564CC733}
	EndGlobalSection
EndGlobal
